// !$*UTF8*$!
{
	archiveVersion = 1;
	classes = {
	};
	objectVersion = 46;
	objects = {

/* Begin PBXBuildFile section */
		2A0ED2BC1D40CC6300AFD6AF /* main.m in Sources */ = {isa = PBXBuildFile; fileRef = 2A0ED2BB1D40CC6300AFD6AF /* main.m */; };
		2A0ED2BF1D40CC6300AFD6AF /* AppDelegate.m in Sources */ = {isa = PBXBuildFile; fileRef = 2A0ED2BE1D40CC6300AFD6AF /* AppDelegate.m */; };
		2A0ED2C21D40CC6300AFD6AF /* ViewController.m in Sources */ = {isa = PBXBuildFile; fileRef = 2A0ED2C11D40CC6300AFD6AF /* ViewController.m */; };
		2A0ED2C51D40CC6300AFD6AF /* Main.storyboard in Resources */ = {isa = PBXBuildFile; fileRef = 2A0ED2C31D40CC6300AFD6AF /* Main.storyboard */; };
		2A0ED2C71D40CC6300AFD6AF /* Assets.xcassets in Resources */ = {isa = PBXBuildFile; fileRef = 2A0ED2C61D40CC6300AFD6AF /* Assets.xcassets */; };
		2A0ED2CA1D40CC6300AFD6AF /* LaunchScreen.storyboard in Resources */ = {isa = PBXBuildFile; fileRef = 2A0ED2C81D40CC6300AFD6AF /* LaunchScreen.storyboard */; };
		2A0ED2D51D40CC6400AFD6AF /* animationTestTests.m in Sources */ = {isa = PBXBuildFile; fileRef = 2A0ED2D41D40CC6400AFD6AF /* animationTestTests.m */; };
		2A0ED2E01D40CC6400AFD6AF /* animationTestUITests.m in Sources */ = {isa = PBXBuildFile; fileRef = 2A0ED2DF1D40CC6400AFD6AF /* animationTestUITests.m */; };
		2A0ED2F01D40CC9200AFD6AF /* AnimationView.m in Sources */ = {isa = PBXBuildFile; fileRef = 2A0ED2EF1D40CC9200AFD6AF /* AnimationView.m */; };
/* End PBXBuildFile section */

/* Begin PBXContainerItemProxy section */
		2A0ED2D11D40CC6400AFD6AF /* PBXContainerItemProxy */ = {
			isa = PBXContainerItemProxy;
			containerPortal = 2A0ED2AF1D40CC6300AFD6AF /* Project object */;
			proxyType = 1;
			remoteGlobalIDString = 2A0ED2B61D40CC6300AFD6AF;
			remoteInfo = animationTest;
		};
		2A0ED2DC1D40CC6400AFD6AF /* PBXContainerItemProxy */ = {
			isa = PBXContainerItemProxy;
			containerPortal = 2A0ED2AF1D40CC6300AFD6AF /* Project object */;
			proxyType = 1;
			remoteGlobalIDString = 2A0ED2B61D40CC6300AFD6AF;
			remoteInfo = animationTest;
		};
/* End PBXContainerItemProxy section */

/* Begin PBXFileReference section */
		2A0ED2B71D40CC6300AFD6AF /* animationTest.app */ = {isa = PBXFileReference; explicitFileType = wrapper.application; includeInIndex = 0; path = animationTest.app; sourceTree = BUILT_PRODUCTS_DIR; };
		2A0ED2BB1D40CC6300AFD6AF /* main.m */ = {isa = PBXFileReference; lastKnownFileType = sourcecode.c.objc; path = main.m; sourceTree = "<group>"; };
		2A0ED2BD1D40CC6300AFD6AF /* AppDelegate.h */ = {isa = PBXFileReference; lastKnownFileType = sourcecode.c.h; path = AppDelegate.h; sourceTree = "<group>"; };
		2A0ED2BE1D40CC6300AFD6AF /* AppDelegate.m */ = {isa = PBXFileReference; lastKnownFileType = sourcecode.c.objc; path = AppDelegate.m; sourceTree = "<group>"; };
		2A0ED2C01D40CC6300AFD6AF /* ViewController.h */ = {isa = PBXFileReference; lastKnownFileType = sourcecode.c.h; path = ViewController.h; sourceTree = "<group>"; };
		2A0ED2C11D40CC6300AFD6AF /* ViewController.m */ = {isa = PBXFileReference; lastKnownFileType = sourcecode.c.objc; path = ViewController.m; sourceTree = "<group>"; };
		2A0ED2C41D40CC6300AFD6AF /* Base */ = {isa = PBXFileReference; lastKnownFileType = file.storyboard; name = Base; path = Base.lproj/Main.storyboard; sourceTree = "<group>"; };
		2A0ED2C61D40CC6300AFD6AF /* Assets.xcassets */ = {isa = PBXFileReference; lastKnownFileType = folder.assetcatalog; path = Assets.xcassets; sourceTree = "<group>"; };
		2A0ED2C91D40CC6300AFD6AF /* Base */ = {isa = PBXFileReference; lastKnownFileType = file.storyboard; name = Base; path = Base.lproj/LaunchScreen.storyboard; sourceTree = "<group>"; };
		2A0ED2CB1D40CC6400AFD6AF /* Info.plist */ = {isa = PBXFileReference; lastKnownFileType = text.plist.xml; path = Info.plist; sourceTree = "<group>"; };
		2A0ED2D01D40CC6400AFD6AF /* animationTestTests.xctest */ = {isa = PBXFileReference; explicitFileType = wrapper.cfbundle; includeInIndex = 0; path = animationTestTests.xctest; sourceTree = BUILT_PRODUCTS_DIR; };
		2A0ED2D41D40CC6400AFD6AF /* animationTestTests.m */ = {isa = PBXFileReference; lastKnownFileType = sourcecode.c.objc; path = animationTestTests.m; sourceTree = "<group>"; };
		2A0ED2D61D40CC6400AFD6AF /* Info.plist */ = {isa = PBXFileReference; lastKnownFileType = text.plist.xml; path = Info.plist; sourceTree = "<group>"; };
		2A0ED2DB1D40CC6400AFD6AF /* animationTestUITests.xctest */ = {isa = PBXFileReference; explicitFileType = wrapper.cfbundle; includeInIndex = 0; path = animationTestUITests.xctest; sourceTree = BUILT_PRODUCTS_DIR; };
		2A0ED2DF1D40CC6400AFD6AF /* animationTestUITests.m */ = {isa = PBXFileReference; lastKnownFileType = sourcecode.c.objc; path = animationTestUITests.m; sourceTree = "<group>"; };
		2A0ED2E11D40CC6400AFD6AF /* Info.plist */ = {isa = PBXFileReference; lastKnownFileType = text.plist.xml; path = Info.plist; sourceTree = "<group>"; };
		2A0ED2EE1D40CC9200AFD6AF /* AnimationView.h */ = {isa = PBXFileReference; fileEncoding = 4; lastKnownFileType = sourcecode.c.h; path = AnimationView.h; sourceTree = "<group>"; };
		2A0ED2EF1D40CC9200AFD6AF /* AnimationView.m */ = {isa = PBXFileReference; fileEncoding = 4; lastKnownFileType = sourcecode.c.objc; path = AnimationView.m; sourceTree = "<group>"; };
/* End PBXFileReference section */

/* Begin PBXFrameworksBuildPhase section */
		2A0ED2B41D40CC6300AFD6AF /* Frameworks */ = {
			isa = PBXFrameworksBuildPhase;
			buildActionMask = 2147483647;
			files = (
			);
			runOnlyForDeploymentPostprocessing = 0;
		};
		2A0ED2CD1D40CC6400AFD6AF /* Frameworks */ = {
			isa = PBXFrameworksBuildPhase;
			buildActionMask = 2147483647;
			files = (
			);
			runOnlyForDeploymentPostprocessing = 0;
		};
		2A0ED2D81D40CC6400AFD6AF /* Frameworks */ = {
			isa = PBXFrameworksBuildPhase;
			buildActionMask = 2147483647;
			files = (
			);
			runOnlyForDeploymentPostprocessing = 0;
		};
/* End PBXFrameworksBuildPhase section */

/* Begin PBXGroup section */
		2A0ED2AE1D40CC6300AFD6AF = {
			isa = PBXGroup;
			children = (
				2A0ED2B91D40CC6300AFD6AF /* animationTest */,
				2A0ED2D31D40CC6400AFD6AF /* animationTestTests */,
				2A0ED2DE1D40CC6400AFD6AF /* animationTestUITests */,
				2A0ED2B81D40CC6300AFD6AF /* Products */,
			);
			sourceTree = "<group>";
		};
		2A0ED2B81D40CC6300AFD6AF /* Products */ = {
			isa = PBXGroup;
			children = (
				2A0ED2B71D40CC6300AFD6AF /* animationTest.app */,
				2A0ED2D01D40CC6400AFD6AF /* animationTestTests.xctest */,
				2A0ED2DB1D40CC6400AFD6AF /* animationTestUITests.xctest */,
			);
			name = Products;
			sourceTree = "<group>";
		};
		2A0ED2B91D40CC6300AFD6AF /* animationTest */ = {
			isa = PBXGroup;
			children = (
				2A0ED2BD1D40CC6300AFD6AF /* AppDelegate.h */,
				2A0ED2BE1D40CC6300AFD6AF /* AppDelegate.m */,
				2A0ED2EE1D40CC9200AFD6AF /* AnimationView.h */,
				2A0ED2EF1D40CC9200AFD6AF /* AnimationView.m */,
				2A0ED2C01D40CC6300AFD6AF /* ViewController.h */,
				2A0ED2C11D40CC6300AFD6AF /* ViewController.m */,
				2A0ED2C31D40CC6300AFD6AF /* Main.storyboard */,
				2A0ED2C61D40CC6300AFD6AF /* Assets.xcassets */,
				2A0ED2C81D40CC6300AFD6AF /* LaunchScreen.storyboard */,
				2A0ED2CB1D40CC6400AFD6AF /* Info.plist */,
				2A0ED2BA1D40CC6300AFD6AF /* Supporting Files */,
			);
			path = animationTest;
			sourceTree = "<group>";
		};
		2A0ED2BA1D40CC6300AFD6AF /* Supporting Files */ = {
			isa = PBXGroup;
			children = (
				2A0ED2BB1D40CC6300AFD6AF /* main.m */,
			);
			name = "Supporting Files";
			sourceTree = "<group>";
		};
		2A0ED2D31D40CC6400AFD6AF /* animationTestTests */ = {
			isa = PBXGroup;
			children = (
				2A0ED2D41D40CC6400AFD6AF /* animationTestTests.m */,
				2A0ED2D61D40CC6400AFD6AF /* Info.plist */,
			);
			path = animationTestTests;
			sourceTree = "<group>";
		};
		2A0ED2DE1D40CC6400AFD6AF /* animationTestUITests */ = {
			isa = PBXGroup;
			children = (
				2A0ED2DF1D40CC6400AFD6AF /* animationTestUITests.m */,
				2A0ED2E11D40CC6400AFD6AF /* Info.plist */,
			);
			path = animationTestUITests;
			sourceTree = "<group>";
		};
/* End PBXGroup section */

/* Begin PBXNativeTarget section */
		2A0ED2B61D40CC6300AFD6AF /* animationTest */ = {
			isa = PBXNativeTarget;
			buildConfigurationList = 2A0ED2E41D40CC6400AFD6AF /* Build configuration list for PBXNativeTarget "animationTest" */;
			buildPhases = (
				2A0ED2B31D40CC6300AFD6AF /* Sources */,
				2A0ED2B41D40CC6300AFD6AF /* Frameworks */,
				2A0ED2B51D40CC6300AFD6AF /* Resources */,
			);
			buildRules = (
			);
			dependencies = (
			);
			name = animationTest;
			productName = animationTest;
			productReference = 2A0ED2B71D40CC6300AFD6AF /* animationTest.app */;
			productType = "com.apple.product-type.application";
		};
		2A0ED2CF1D40CC6400AFD6AF /* animationTestTests */ = {
			isa = PBXNativeTarget;
			buildConfigurationList = 2A0ED2E71D40CC6400AFD6AF /* Build configuration list for PBXNativeTarget "animationTestTests" */;
			buildPhases = (
				2A0ED2CC1D40CC6400AFD6AF /* Sources */,
				2A0ED2CD1D40CC6400AFD6AF /* Frameworks */,
				2A0ED2CE1D40CC6400AFD6AF /* Resources */,
			);
			buildRules = (
			);
			dependencies = (
				2A0ED2D21D40CC6400AFD6AF /* PBXTargetDependency */,
			);
			name = animationTestTests;
			productName = animationTestTests;
			productReference = 2A0ED2D01D40CC6400AFD6AF /* animationTestTests.xctest */;
			productType = "com.apple.product-type.bundle.unit-test";
		};
		2A0ED2DA1D40CC6400AFD6AF /* animationTestUITests */ = {
			isa = PBXNativeTarget;
			buildConfigurationList = 2A0ED2EA1D40CC6400AFD6AF /* Build configuration list for PBXNativeTarget "animationTestUITests" */;
			buildPhases = (
				2A0ED2D71D40CC6400AFD6AF /* Sources */,
				2A0ED2D81D40CC6400AFD6AF /* Frameworks */,
				2A0ED2D91D40CC6400AFD6AF /* Resources */,
			);
			buildRules = (
			);
			dependencies = (
				2A0ED2DD1D40CC6400AFD6AF /* PBXTargetDependency */,
			);
			name = animationTestUITests;
			productName = animationTestUITests;
			productReference = 2A0ED2DB1D40CC6400AFD6AF /* animationTestUITests.xctest */;
			productType = "com.apple.product-type.bundle.ui-testing";
		};
/* End PBXNativeTarget section */

/* Begin PBXProject section */
		2A0ED2AF1D40CC6300AFD6AF /* Project object */ = {
			isa = PBXProject;
			attributes = {
				LastUpgradeCheck = 0720;
				ORGANIZATIONNAME = cd;
				TargetAttributes = {
					2A0ED2B61D40CC6300AFD6AF = {
						CreatedOnToolsVersion = 7.2.1;
					};
					2A0ED2CF1D40CC6400AFD6AF = {
						CreatedOnToolsVersion = 7.2.1;
						TestTargetID = 2A0ED2B61D40CC6300AFD6AF;
					};
					2A0ED2DA1D40CC6400AFD6AF = {
						CreatedOnToolsVersion = 7.2.1;
						TestTargetID = 2A0ED2B61D40CC6300AFD6AF;
					};
				};
			};
			buildConfigurationList = 2A0ED2B21D40CC6300AFD6AF /* Build configuration list for PBXProject "animationTest" */;
			compatibilityVersion = "Xcode 3.2";
			developmentRegion = English;
			hasScannedForEncodings = 0;
			knownRegions = (
				en,
				Base,
			);
			mainGroup = 2A0ED2AE1D40CC6300AFD6AF;
			productRefGroup = 2A0ED2B81D40CC6300AFD6AF /* Products */;
			projectDirPath = "";
			projectRoot = "";
			targets = (
				2A0ED2B61D40CC6300AFD6AF /* animationTest */,
				2A0ED2CF1D40CC6400AFD6AF /* animationTestTests */,
				2A0ED2DA1D40CC6400AFD6AF /* animationTestUITests */,
			);
		};
/* End PBXProject section */

/* Begin PBXResourcesBuildPhase section */
		2A0ED2B51D40CC6300AFD6AF /* Resources */ = {
			isa = PBXResourcesBuildPhase;
			buildActionMask = 2147483647;
			files = (
				2A0ED2CA1D40CC6300AFD6AF /* LaunchScreen.storyboard in Resources */,
				2A0ED2C71D40CC6300AFD6AF /* Assets.xcassets in Resources */,
				2A0ED2C51D40CC6300AFD6AF /* Main.storyboard in Resources */,
			);
			runOnlyForDeploymentPostprocessing = 0;
		};
		2A0ED2CE1D40CC6400AFD6AF /* Resources */ = {
			isa = PBXResourcesBuildPhase;
			buildActionMask = 2147483647;
			files = (
			);
			runOnlyForDeploymentPostprocessing = 0;
		};
		2A0ED2D91D40CC6400AFD6AF /* Resources */ = {
			isa = PBXResourcesBuildPhase;
			buildActionMask = 2147483647;
			files = (
			);
			runOnlyForDeploymentPostprocessing = 0;
		};
/* End PBXResourcesBuildPhase section */

/* Begin PBXSourcesBuildPhase section */
		2A0ED2B31D40CC6300AFD6AF /* Sources */ = {
			isa = PBXSourcesBuildPhase;
			buildActionMask = 2147483647;
			files = (
				2A0ED2C21D40CC6300AFD6AF /* ViewController.m in Sources */,
				2A0ED2F01D40CC9200AFD6AF /* AnimationView.m in Sources */,
				2A0ED2BF1D40CC6300AFD6AF /* AppDelegate.m in Sources */,
				2A0ED2BC1D40CC6300AFD6AF /* main.m in Sources */,
			);
			runOnlyForDeploymentPostprocessing = 0;
		};
		2A0ED2CC1D40CC6400AFD6AF /* Sources */ = {
			isa = PBXSourcesBuildPhase;
			buildActionMask = 2147483647;
			files = (
				2A0ED2D51D40CC6400AFD6AF /* animationTestTests.m in Sources */,
			);
			runOnlyForDeploymentPostprocessing = 0;
		};
		2A0ED2D71D40CC6400AFD6AF /* Sources */ = {
			isa = PBXSourcesBuildPhase;
			buildActionMask = 2147483647;
			files = (
				2A0ED2E01D40CC6400AFD6AF /* animationTestUITests.m in Sources */,
			);
			runOnlyForDeploymentPostprocessing = 0;
		};
/* End PBXSourcesBuildPhase section */

/* Begin PBXTargetDependency section */
		2A0ED2D21D40CC6400AFD6AF /* PBXTargetDependency */ = {
			isa = PBXTargetDependency;
			target = 2A0ED2B61D40CC6300AFD6AF /* animationTest */;
			targetProxy = 2A0ED2D11D40CC6400AFD6AF /* PBXContainerItemProxy */;
		};
		2A0ED2DD1D40CC6400AFD6AF /* PBXTargetDependency */ = {
			isa = PBXTargetDependency;
			target = 2A0ED2B61D40CC6300AFD6AF /* animationTest */;
			targetProxy = 2A0ED2DC1D40CC6400AFD6AF /* PBXContainerItemProxy */;
		};
/* End PBXTargetDependency section */

/* Begin PBXVariantGroup section */
		2A0ED2C31D40CC6300AFD6AF /* Main.storyboard */ = {
			isa = PBXVariantGroup;
			children = (
				2A0ED2C41D40CC6300AFD6AF /* Base */,
			);
			name = Main.storyboard;
			sourceTree = "<group>";
		};
		2A0ED2C81D40CC6300AFD6AF /* LaunchScreen.storyboard */ = {
			isa = PBXVariantGroup;
			children = (
				2A0ED2C91D40CC6300AFD6AF /* Base */,
			);
			name = LaunchScreen.storyboard;
			sourceTree = "<group>";
		};
/* End PBXVariantGroup section */

/* Begin XCBuildConfiguration section */
		2A0ED2E21D40CC6400AFD6AF /* Debug */ = {
			isa = XCBuildConfiguration;
			buildSettings = {
				ALWAYS_SEARCH_USER_PATHS = NO;
				CLANG_CXX_LANGUAGE_STANDARD = "gnu++0x";
				CLANG_CXX_LIBRARY = "libc++";
				CLANG_ENABLE_MODULES = YES;
				CLANG_ENABLE_OBJC_ARC = YES;
				CLANG_WARN_BOOL_CONVERSION = YES;
				CLANG_WARN_CONSTANT_CONVERSION = YES;
				CLANG_WARN_DIRECT_OBJC_ISA_USAGE = YES_ERROR;
				CLANG_WARN_EMPTY_BODY = YES;
				CLANG_WARN_ENUM_CONVERSION = YES;
				CLANG_WARN_INT_CONVERSION = YES;
				CLANG_WARN_OBJC_ROOT_CLASS = YES_ERROR;
				CLANG_WARN_UNREACHABLE_CODE = YES;
				CLANG_WARN__DUPLICATE_METHOD_MATCH = YES;
				"CODE_SIGN_IDENTITY[sdk=iphoneos*]" = "iPhone Developer";
				COPY_PHASE_STRIP = NO;
				DEBUG_INFORMATION_FORMAT = dwarf;
				ENABLE_STRICT_OBJC_MSGSEND = YES;
				ENABLE_TESTABILITY = YES;
				GCC_C_LANGUAGE_STANDARD = gnu99;
				GCC_DYNAMIC_NO_PIC = NO;
				GCC_NO_COMMON_BLOCKS = YES;
				GCC_OPTIMIZATION_LEVEL = 0;
				GCC_PREPROCESSOR_DEFINITIONS = (
					"DEBUG=1",
					"$(inherited)",
				);
				GCC_WARN_64_TO_32_BIT_CONVERSION = YES;
				GCC_WARN_ABOUT_RETURN_TYPE = YES_ERROR;
				GCC_WARN_UNDECLARED_SELECTOR = YES;
				GCC_WARN_UNINITIALIZED_AUTOS = YES_AGGRESSIVE;
				GCC_WARN_UNUSED_FUNCTION = YES;
				GCC_WARN_UNUSED_VARIABLE = YES;
				IPHONEOS_DEPLOYMENT_TARGET = 9.2;
				MTL_ENABLE_DEBUG_INFO = YES;
				ONLY_ACTIVE_ARCH = YES;
				SDKROOT = iphoneos;
			};
			name = Debug;
		};
		2A0ED2E31D40CC6400AFD6AF /* Release */ = {
			isa = XCBuildConfiguration;
			buildSettings = {
				ALWAYS_SEARCH_USER_PATHS = NO;
				CLANG_CXX_LANGUAGE_STANDARD = "gnu++0x";
				CLANG_CXX_LIBRARY = "libc++";
				CLANG_ENABLE_MODULES = YES;
				CLANG_ENABLE_OBJC_ARC = YES;
				CLANG_WARN_BOOL_CONVERSION = YES;
				CLANG_WARN_CONSTANT_CONVERSION = YES;
				CLANG_WARN_DIRECT_OBJC_ISA_USAGE = YES_ERROR;
				CLANG_WARN_EMPTY_BODY = YES;
				CLANG_WARN_ENUM_CONVERSION = YES;
				CLANG_WARN_INT_CONVERSION = YES;
				CLANG_WARN_OBJC_ROOT_CLASS = YES_ERROR;
				CLANG_WARN_UNREACHABLE_CODE = YES;
				CLANG_WARN__DUPLICATE_METHOD_MATCH = YES;
				"CODE_SIGN_IDENTITY[sdk=iphoneos*]" = "iPhone Developer";
				COPY_PHASE_STRIP = NO;
				DEBUG_INFORMATION_FORMAT = "dwarf-with-dsym";
				ENABLE_NS_ASSERTIONS = NO;
				ENABLE_STRICT_OBJC_MSGSEND = YES;
				GCC_C_LANGUAGE_STANDARD = gnu99;
				GCC_NO_COMMON_BLOCKS = YES;
				GCC_WARN_64_TO_32_BIT_CONVERSION = YES;
				GCC_WARN_ABOUT_RETURN_TYPE = YES_ERROR;
				GCC_WARN_UNDECLARED_SELECTOR = YES;
				GCC_WARN_UNINITIALIZED_AUTOS = YES_AGGRESSIVE;
				GCC_WARN_UNUSED_FUNCTION = YES;
				GCC_WARN_UNUSED_VARIABLE = YES;
				IPHONEOS_DEPLOYMENT_TARGET = 9.2;
				MTL_ENABLE_DEBUG_INFO = NO;
				SDKROOT = iphoneos;
				VALIDATE_PRODUCT = YES;
			};
			name = Release;
		};
		2A0ED2E51D40CC6400AFD6AF /* Debug */ = {
			isa = XCBuildConfiguration;
			buildSettings = {
				ASSETCATALOG_COMPILER_APPICON_NAME = AppIcon;
				INFOPLIST_FILE = animationTest/Info.plist;
				LD_RUNPATH_SEARCH_PATHS = "$(inherited) @executable_path/Frameworks";
				PRODUCT_BUNDLE_IDENTIFIER = com.cd.animationTest;
				PRODUCT_NAME = "$(TARGET_NAME)";
			};
			name = Debug;
		};
		2A0ED2E61D40CC6400AFD6AF /* Release */ = {
			isa = XCBuildConfiguration;
			buildSettings = {
				ASSETCATALOG_COMPILER_APPICON_NAME = AppIcon;
				INFOPLIST_FILE = animationTest/Info.plist;
				LD_RUNPATH_SEARCH_PATHS = "$(inherited) @executable_path/Frameworks";
				PRODUCT_BUNDLE_IDENTIFIER = com.cd.animationTest;
				PRODUCT_NAME = "$(TARGET_NAME)";
			};
			name = Release;
		};
		2A0ED2E81D40CC6400AFD6AF /* Debug */ = {
			isa = XCBuildConfiguration;
			buildSettings = {
				BUNDLE_LOADER = "$(TEST_HOST)";
				INFOPLIST_FILE = animationTestTests/Info.plist;
				LD_RUNPATH_SEARCH_PATHS = "$(inherited) @executable_path/Frameworks @loader_path/Frameworks";
				PRODUCT_BUNDLE_IDENTIFIER = com.cd.animationTestTests;
				PRODUCT_NAME = "$(TARGET_NAME)";
				TEST_HOST = "$(BUILT_PRODUCTS_DIR)/animationTest.app/animationTest";
			};
			name = Debug;
		};
		2A0ED2E91D40CC6400AFD6AF /* Release */ = {
			isa = XCBuildConfiguration;
			buildSettings = {
				BUNDLE_LOADER = "$(TEST_HOST)";
				INFOPLIST_FILE = animationTestTests/Info.plist;
				LD_RUNPATH_SEARCH_PATHS = "$(inherited) @executable_path/Frameworks @loader_path/Frameworks";
				PRODUCT_BUNDLE_IDENTIFIER = com.cd.animationTestTests;
				PRODUCT_NAME = "$(TARGET_NAME)";
				TEST_HOST = "$(BUILT_PRODUCTS_DIR)/animationTest.app/animationTest";
			};
			name = Release;
		};
		2A0ED2EB1D40CC6400AFD6AF /* Debug */ = {
			isa = XCBuildConfiguration;
			buildSettings = {
				INFOPLIST_FILE = animationTestUITests/Info.plist;
				LD_RUNPATH_SEARCH_PATHS = "$(inherited) @executable_path/Frameworks @loader_path/Frameworks";
				PRODUCT_BUNDLE_IDENTIFIER = com.cd.animationTestUITests;
				PRODUCT_NAME = "$(TARGET_NAME)";
				TEST_TARGET_NAME = animationTest;
				USES_XCTRUNNER = YES;
			};
			name = Debug;
		};
		2A0ED2EC1D40CC6400AFD6AF /* Release */ = {
			isa = XCBuildConfiguration;
			buildSettings = {
				INFOPLIST_FILE = animationTestUITests/Info.plist;
				LD_RUNPATH_SEARCH_PATHS = "$(inherited) @executable_path/Frameworks @loader_path/Frameworks";
				PRODUCT_BUNDLE_IDENTIFIER = com.cd.animationTestUITests;
				PRODUCT_NAME = "$(TARGET_NAME)";
				TEST_TARGET_NAME = animationTest;
				USES_XCTRUNNER = YES;
			};
			name = Release;
		};
/* End XCBuildConfiguration section */

/* Begin XCConfigurationList section */
		2A0ED2B21D40CC6300AFD6AF /* Build configuration list for PBXProject "animationTest" */ = {
			isa = XCConfigurationList;
			buildConfigurations = (
				2A0ED2E21D40CC6400AFD6AF /* Debug */,
				2A0ED2E31D40CC6400AFD6AF /* Release */,
			);
			defaultConfigurationIsVisible = 0;
			defaultConfigurationName = Release;
		};
		2A0ED2E41D40CC6400AFD6AF /* Build configuration list for PBXNativeTarget "animationTest" */ = {
			isa = XCConfigurationList;
			buildConfigurations = (
				2A0ED2E51D40CC6400AFD6AF /* Debug */,
				2A0ED2E61D40CC6400AFD6AF /* Release */,
			);
			defaultConfigurationIsVisible = 0;
		};
		2A0ED2E71D40CC6400AFD6AF /* Build configuration list for PBXNativeTarget "animationTestTests" */ = {
			isa = XCConfigurationList;
			buildConfigurations = (
				2A0ED2E81D40CC6400AFD6AF /* Debug */,
				2A0ED2E91D40CC6400AFD6AF /* Release */,
			);
			defaultConfigurationIsVisible = 0;
		};
		2A0ED2EA1D40CC6400AFD6AF /* Build configuration list for PBXNativeTarget "animationTestUITests" */ = {
			isa = XCConfigurationList;
			buildConfigurations = (
				2A0ED2EB1D40CC6400AFD6AF /* Debug */,
				2A0ED2EC1D40CC6400AFD6AF /* Release */,
			);
			defaultConfigurationIsVisible = 0;
		};
/* End XCConfigurationList section */
	};
	rootObject = 2A0ED2AF1D40CC6300AFD6AF /* Project object */;
}
